// !$*UTF8*$!
{
	archiveVersion = 1;
	classes = {
	};
	objectVersion = 56;
	objects = {

/* Begin PBXBuildFile section */
		C879DFD229E85BAA00B2CE81 /* MultithreadingPrimitives.framework in Frameworks */ = {isa = PBXBuildFile; fileRef = C879DFC929E85BAA00B2CE81 /* MultithreadingPrimitives.framework */; };
		C879DFE229E85BD800B2CE81 /* SerialQueue.swift in Sources */ = {isa = PBXBuildFile; fileRef = C879DFE129E85BD800B2CE81 /* SerialQueue.swift */; };
		C879DFE429E85BF500B2CE81 /* SerialQueueTests.swift in Sources */ = {isa = PBXBuildFile; fileRef = C879DFE329E85BF500B2CE81 /* SerialQueueTests.swift */; };
		FAB4610A2A1E545200FBA143 /* Semaphore.swift in Sources */ = {isa = PBXBuildFile; fileRef = FAB461092A1E545200FBA143 /* Semaphore.swift */; };
		FAB4610C2A1E546100FBA143 /* SemaphoreTests.swift in Sources */ = {isa = PBXBuildFile; fileRef = FAB4610B2A1E546100FBA143 /* SemaphoreTests.swift */; };
/* End PBXBuildFile section */

/* Begin PBXContainerItemProxy section */
		C879DFD329E85BAA00B2CE81 /* PBXContainerItemProxy */ = {
			isa = PBXContainerItemProxy;
			containerPortal = C879DFC029E85BAA00B2CE81 /* Project object */;
			proxyType = 1;
			remoteGlobalIDString = C879DFC829E85BAA00B2CE81;
			remoteInfo = MultithreadingPrimitives;
		};
/* End PBXContainerItemProxy section */

/* Begin PBXFileReference section */
		C879DFC929E85BAA00B2CE81 /* MultithreadingPrimitives.framework */ = {isa = PBXFileReference; explicitFileType = wrapper.framework; includeInIndex = 0; path = MultithreadingPrimitives.framework; sourceTree = BUILT_PRODUCTS_DIR; };
		C879DFD129E85BAA00B2CE81 /* MultithreadingPrimitivesTests.xctest */ = {isa = PBXFileReference; explicitFileType = wrapper.cfbundle; includeInIndex = 0; path = MultithreadingPrimitivesTests.xctest; sourceTree = BUILT_PRODUCTS_DIR; };
		C879DFE129E85BD800B2CE81 /* SerialQueue.swift */ = {isa = PBXFileReference; fileEncoding = 4; lastKnownFileType = sourcecode.swift; path = SerialQueue.swift; sourceTree = "<group>"; };
		C879DFE329E85BF500B2CE81 /* SerialQueueTests.swift */ = {isa = PBXFileReference; fileEncoding = 4; lastKnownFileType = sourcecode.swift; path = SerialQueueTests.swift; sourceTree = "<group>"; };
		FAB461092A1E545200FBA143 /* Semaphore.swift */ = {isa = PBXFileReference; fileEncoding = 4; lastKnownFileType = sourcecode.swift; path = Semaphore.swift; sourceTree = "<group>"; };
		FAB4610B2A1E546100FBA143 /* SemaphoreTests.swift */ = {isa = PBXFileReference; fileEncoding = 4; lastKnownFileType = sourcecode.swift; path = SemaphoreTests.swift; sourceTree = "<group>"; };
/* End PBXFileReference section */

/* Begin PBXFrameworksBuildPhase section */
		C879DFC629E85BAA00B2CE81 /* Frameworks */ = {
			isa = PBXFrameworksBuildPhase;
			buildActionMask = 2147483647;
			files = (
			);
			runOnlyForDeploymentPostprocessing = 0;
		};
		C879DFCE29E85BAA00B2CE81 /* Frameworks */ = {
			isa = PBXFrameworksBuildPhase;
			buildActionMask = 2147483647;
			files = (
				C879DFD229E85BAA00B2CE81 /* MultithreadingPrimitives.framework in Frameworks */,
			);
			runOnlyForDeploymentPostprocessing = 0;
		};
/* End PBXFrameworksBuildPhase section */

/* Begin PBXGroup section */
		C879DFBF29E85BAA00B2CE81 = {
			isa = PBXGroup;
			children = (
				C879DFCB29E85BAA00B2CE81 /* MultithreadingPrimitives */,
				C879DFD529E85BAA00B2CE81 /* MultithreadingPrimitivesTests */,
				C879DFCA29E85BAA00B2CE81 /* Products */,
			);
			sourceTree = "<group>";
		};
		C879DFCA29E85BAA00B2CE81 /* Products */ = {
			isa = PBXGroup;
			children = (
				C879DFC929E85BAA00B2CE81 /* MultithreadingPrimitives.framework */,
				C879DFD129E85BAA00B2CE81 /* MultithreadingPrimitivesTests.xctest */,
			);
			name = Products;
			sourceTree = "<group>";
		};
		C879DFCB29E85BAA00B2CE81 /* MultithreadingPrimitives */ = {
			isa = PBXGroup;
			children = (
				FAB461092A1E545200FBA143 /* Semaphore.swift */,
				C879DFE129E85BD800B2CE81 /* SerialQueue.swift */,
			);
			path = MultithreadingPrimitives;
			sourceTree = "<group>";
		};
		C879DFD529E85BAA00B2CE81 /* MultithreadingPrimitivesTests */ = {
			isa = PBXGroup;
			children = (
				FAB4610B2A1E546100FBA143 /* SemaphoreTests.swift */,
				C879DFE329E85BF500B2CE81 /* SerialQueueTests.swift */,
			);
			path = MultithreadingPrimitivesTests;
			sourceTree = "<group>";
		};
/* End PBXGroup section */

/* Begin PBXHeadersBuildPhase section */
		C879DFC429E85BAA00B2CE81 /* Headers */ = {
			isa = PBXHeadersBuildPhase;
			buildActionMask = 2147483647;
			files = (
			);
			runOnlyForDeploymentPostprocessing = 0;
		};
/* End PBXHeadersBuildPhase section */

/* Begin PBXNativeTarget section */
		C879DFC829E85BAA00B2CE81 /* MultithreadingPrimitives */ = {
			isa = PBXNativeTarget;
			buildConfigurationList = C879DFDB29E85BAA00B2CE81 /* Build configuration list for PBXNativeTarget "MultithreadingPrimitives" */;
			buildPhases = (
				C879DFC429E85BAA00B2CE81 /* Headers */,
				C879DFC529E85BAA00B2CE81 /* Sources */,
				C879DFC629E85BAA00B2CE81 /* Frameworks */,
				C879DFC729E85BAA00B2CE81 /* Resources */,
			);
			buildRules = (
			);
			dependencies = (
			);
			name = MultithreadingPrimitives;
			productName = MultithreadingPrimitives;
			productReference = C879DFC929E85BAA00B2CE81 /* MultithreadingPrimitives.framework */;
			productType = "com.apple.product-type.framework";
		};
		C879DFD029E85BAA00B2CE81 /* MultithreadingPrimitivesTests */ = {
			isa = PBXNativeTarget;
			buildConfigurationList = C879DFDE29E85BAA00B2CE81 /* Build configuration list for PBXNativeTarget "MultithreadingPrimitivesTests" */;
			buildPhases = (
				C879DFCD29E85BAA00B2CE81 /* Sources */,
				C879DFCE29E85BAA00B2CE81 /* Frameworks */,
				C879DFCF29E85BAA00B2CE81 /* Resources */,
			);
			buildRules = (
			);
			dependencies = (
				C879DFD429E85BAA00B2CE81 /* PBXTargetDependency */,
			);
			name = MultithreadingPrimitivesTests;
			productName = MultithreadingPrimitivesTests;
			productReference = C879DFD129E85BAA00B2CE81 /* MultithreadingPrimitivesTests.xctest */;
			productType = "com.apple.product-type.bundle.unit-test";
		};
/* End PBXNativeTarget section */

/* Begin PBXProject section */
		C879DFC029E85BAA00B2CE81 /* Project object */ = {
			isa = PBXProject;
			attributes = {
				BuildIndependentTargetsInParallel = 1;
				LastSwiftUpdateCheck = 1410;
				LastUpgradeCheck = 1410;
				TargetAttributes = {
					C879DFC829E85BAA00B2CE81 = {
						CreatedOnToolsVersion = 14.1;
						LastSwiftMigration = 1410;
					};
					C879DFD029E85BAA00B2CE81 = {
						CreatedOnToolsVersion = 14.1;
					};
				};
			};
			buildConfigurationList = C879DFC329E85BAA00B2CE81 /* Build configuration list for PBXProject "MultithreadingPrimitives" */;
			compatibilityVersion = "Xcode 14.0";
			developmentRegion = en;
			hasScannedForEncodings = 0;
			knownRegions = (
				en,
				Base,
			);
			mainGroup = C879DFBF29E85BAA00B2CE81;
			productRefGroup = C879DFCA29E85BAA00B2CE81 /* Products */;
			projectDirPath = "";
			projectRoot = "";
			targets = (
				C879DFC829E85BAA00B2CE81 /* MultithreadingPrimitives */,
				C879DFD029E85BAA00B2CE81 /* MultithreadingPrimitivesTests */,
			);
		};
/* End PBXProject section */

/* Begin PBXResourcesBuildPhase section */
		C879DFC729E85BAA00B2CE81 /* Resources */ = {
			isa = PBXResourcesBuildPhase;
			buildActionMask = 2147483647;
			files = (
			);
			runOnlyForDeploymentPostprocessing = 0;
		};
		C879DFCF29E85BAA00B2CE81 /* Resources */ = {
			isa = PBXResourcesBuildPhase;
			buildActionMask = 2147483647;
			files = (
			);
			runOnlyForDeploymentPostprocessing = 0;
		};
/* End PBXResourcesBuildPhase section */

/* Begin PBXSourcesBuildPhase section */
		C879DFC529E85BAA00B2CE81 /* Sources */ = {
			isa = PBXSourcesBuildPhase;
			buildActionMask = 2147483647;
			files = (
				FAB4610A2A1E545200FBA143 /* Semaphore.swift in Sources */,
				C879DFE229E85BD800B2CE81 /* SerialQueue.swift in Sources */,
			);
			runOnlyForDeploymentPostprocessing = 0;
		};
		C879DFCD29E85BAA00B2CE81 /* Sources */ = {
			isa = PBXSourcesBuildPhase;
			buildActionMask = 2147483647;
			files = (
				FAB4610C2A1E546100FBA143 /* SemaphoreTests.swift in Sources */,
				C879DFE429E85BF500B2CE81 /* SerialQueueTests.swift in Sources */,
			);
			runOnlyForDeploymentPostprocessing = 0;
		};
/* End PBXSourcesBuildPhase section */

/* Begin PBXTargetDependency section */
		C879DFD429E85BAA00B2CE81 /* PBXTargetDependency */ = {
			isa = PBXTargetDependency;
			target = C879DFC829E85BAA00B2CE81 /* MultithreadingPrimitives */;
			targetProxy = C879DFD329E85BAA00B2CE81 /* PBXContainerItemProxy */;
		};
/* End PBXTargetDependency section */

/* Begin XCBuildConfiguration section */
		C879DFD929E85BAA00B2CE81 /* Debug */ = {
			isa = XCBuildConfiguration;
			buildSettings = {
				ALWAYS_SEARCH_USER_PATHS = NO;
				CLANG_ANALYZER_NONNULL = YES;
				CLANG_ANALYZER_NUMBER_OBJECT_CONVERSION = YES_AGGRESSIVE;
				CLANG_CXX_LANGUAGE_STANDARD = "gnu++20";
				CLANG_ENABLE_MODULES = YES;
				CLANG_ENABLE_OBJC_ARC = YES;
				CLANG_ENABLE_OBJC_WEAK = YES;
				CLANG_WARN_BLOCK_CAPTURE_AUTORELEASING = YES;
				CLANG_WARN_BOOL_CONVERSION = YES;
				CLANG_WARN_COMMA = YES;
				CLANG_WARN_CONSTANT_CONVERSION = YES;
				CLANG_WARN_DEPRECATED_OBJC_IMPLEMENTATIONS = YES;
				CLANG_WARN_DIRECT_OBJC_ISA_USAGE = YES_ERROR;
				CLANG_WARN_DOCUMENTATION_COMMENTS = YES;
				CLANG_WARN_EMPTY_BODY = YES;
				CLANG_WARN_ENUM_CONVERSION = YES;
				CLANG_WARN_INFINITE_RECURSION = YES;
				CLANG_WARN_INT_CONVERSION = YES;
				CLANG_WARN_NON_LITERAL_NULL_CONVERSION = YES;
				CLANG_WARN_OBJC_IMPLICIT_RETAIN_SELF = YES;
				CLANG_WARN_OBJC_LITERAL_CONVERSION = YES;
				CLANG_WARN_OBJC_ROOT_CLASS = YES_ERROR;
				CLANG_WARN_QUOTED_INCLUDE_IN_FRAMEWORK_HEADER = YES;
				CLANG_WARN_RANGE_LOOP_ANALYSIS = YES;
				CLANG_WARN_STRICT_PROTOTYPES = YES;
				CLANG_WARN_SUSPICIOUS_MOVE = YES;
				CLANG_WARN_UNGUARDED_AVAILABILITY = YES_AGGRESSIVE;
				CLANG_WARN_UNREACHABLE_CODE = YES;
				CLANG_WARN__DUPLICATE_METHOD_MATCH = YES;
				COPY_PHASE_STRIP = NO;
				CURRENT_PROJECT_VERSION = 1;
				DEBUG_INFORMATION_FORMAT = dwarf;
				ENABLE_STRICT_OBJC_MSGSEND = YES;
				ENABLE_TESTABILITY = YES;
				GCC_C_LANGUAGE_STANDARD = gnu11;
				GCC_DYNAMIC_NO_PIC = NO;
				GCC_NO_COMMON_BLOCKS = YES;
				GCC_OPTIMIZATION_LEVEL = 0;
				GCC_PREPROCESSOR_DEFINITIONS = (
					"DEBUG=1",
					"$(inherited)",
				);
				GCC_WARN_64_TO_32_BIT_CONVERSION = YES;
				GCC_WARN_ABOUT_RETURN_TYPE = YES_ERROR;
				GCC_WARN_UNDECLARED_SELECTOR = YES;
				GCC_WARN_UNINITIALIZED_AUTOS = YES_AGGRESSIVE;
				GCC_WARN_UNUSED_FUNCTION = YES;
				GCC_WARN_UNUSED_VARIABLE = YES;
				MTL_ENABLE_DEBUG_INFO = INCLUDE_SOURCE;
				MTL_FAST_MATH = YES;
				ONLY_ACTIVE_ARCH = YES;
				SWIFT_ACTIVE_COMPILATION_CONDITIONS = DEBUG;
				SWIFT_OPTIMIZATION_LEVEL = "-Onone";
				VERSIONING_SYSTEM = "apple-generic";
				VERSION_INFO_PREFIX = "";
			};
			name = Debug;
		};
		C879DFDA29E85BAA00B2CE81 /* Release */ = {
			isa = XCBuildConfiguration;
			buildSettings = {
				ALWAYS_SEARCH_USER_PATHS = NO;
				CLANG_ANALYZER_NONNULL = YES;
				CLANG_ANALYZER_NUMBER_OBJECT_CONVERSION = YES_AGGRESSIVE;
				CLANG_CXX_LANGUAGE_STANDARD = "gnu++20";
				CLANG_ENABLE_MODULES = YES;
				CLANG_ENABLE_OBJC_ARC = YES;
				CLANG_ENABLE_OBJC_WEAK = YES;
				CLANG_WARN_BLOCK_CAPTURE_AUTORELEASING = YES;
				CLANG_WARN_BOOL_CONVERSION = YES;
				CLANG_WARN_COMMA = YES;
				CLANG_WARN_CONSTANT_CONVERSION = YES;
				CLANG_WARN_DEPRECATED_OBJC_IMPLEMENTATIONS = YES;
				CLANG_WARN_DIRECT_OBJC_ISA_USAGE = YES_ERROR;
				CLANG_WARN_DOCUMENTATION_COMMENTS = YES;
				CLANG_WARN_EMPTY_BODY = YES;
				CLANG_WARN_ENUM_CONVERSION = YES;
				CLANG_WARN_INFINITE_RECURSION = YES;
				CLANG_WARN_INT_CONVERSION = YES;
				CLANG_WARN_NON_LITERAL_NULL_CONVERSION = YES;
				CLANG_WARN_OBJC_IMPLICIT_RETAIN_SELF = YES;
				CLANG_WARN_OBJC_LITERAL_CONVERSION = YES;
				CLANG_WARN_OBJC_ROOT_CLASS = YES_ERROR;
				CLANG_WARN_QUOTED_INCLUDE_IN_FRAMEWORK_HEADER = YES;
				CLANG_WARN_RANGE_LOOP_ANALYSIS = YES;
				CLANG_WARN_STRICT_PROTOTYPES = YES;
				CLANG_WARN_SUSPICIOUS_MOVE = YES;
				CLANG_WARN_UNGUARDED_AVAILABILITY = YES_AGGRESSIVE;
				CLANG_WARN_UNREACHABLE_CODE = YES;
				CLANG_WARN__DUPLICATE_METHOD_MATCH = YES;
				COPY_PHASE_STRIP = NO;
				CURRENT_PROJECT_VERSION = 1;
				DEBUG_INFORMATION_FORMAT = "dwarf-with-dsym";
				ENABLE_NS_ASSERTIONS = NO;
				ENABLE_STRICT_OBJC_MSGSEND = YES;
				GCC_C_LANGUAGE_STANDARD = gnu11;
				GCC_NO_COMMON_BLOCKS = YES;
				GCC_WARN_64_TO_32_BIT_CONVERSION = YES;
				GCC_WARN_ABOUT_RETURN_TYPE = YES_ERROR;
				GCC_WARN_UNDECLARED_SELECTOR = YES;
				GCC_WARN_UNINITIALIZED_AUTOS = YES_AGGRESSIVE;
				GCC_WARN_UNUSED_FUNCTION = YES;
				GCC_WARN_UNUSED_VARIABLE = YES;
				MTL_ENABLE_DEBUG_INFO = NO;
				MTL_FAST_MATH = YES;
				SWIFT_COMPILATION_MODE = wholemodule;
				SWIFT_OPTIMIZATION_LEVEL = "-O";
				VERSIONING_SYSTEM = "apple-generic";
				VERSION_INFO_PREFIX = "";
			};
			name = Release;
		};
		C879DFDC29E85BAA00B2CE81 /* Debug */ = {
			isa = XCBuildConfiguration;
			buildSettings = {
				CLANG_ENABLE_MODULES = YES;
				CODE_SIGN_STYLE = Automatic;
				CURRENT_PROJECT_VERSION = 1;
				DEFINES_MODULE = YES;
				DYLIB_COMPATIBILITY_VERSION = 1;
				DYLIB_CURRENT_VERSION = 1;
				DYLIB_INSTALL_NAME_BASE = "@rpath";
				GENERATE_INFOPLIST_FILE = YES;
				INFOPLIST_KEY_NSHumanReadableCopyright = "";
				INSTALL_PATH = "$(LOCAL_LIBRARY_DIR)/Frameworks";
				IPHONEOS_DEPLOYMENT_TARGET = 16.1;
				LD_RUNPATH_SEARCH_PATHS = (
					"@executable_path/Frameworks",
					"@loader_path/Frameworks",
				);
				"LD_RUNPATH_SEARCH_PATHS[sdk=macosx*]" = (
					"@executable_path/../Frameworks",
					"@loader_path/Frameworks",
				);
				MACOSX_DEPLOYMENT_TARGET = 12.6;
				MARKETING_VERSION = 1.0;
				PRODUCT_BUNDLE_IDENTIFIER = com.test.MultithreadingPrimitives;
				PRODUCT_NAME = "$(TARGET_NAME:c99extidentifier)";
				SDKROOT = auto;
				SKIP_INSTALL = YES;
				SUPPORTED_PLATFORMS = "iphoneos iphonesimulator macosx";
				SWIFT_EMIT_LOC_STRINGS = YES;
				SWIFT_OPTIMIZATION_LEVEL = "-Onone";
				SWIFT_VERSION = 5.0;
				TARGETED_DEVICE_FAMILY = "1,2";
			};
			name = Debug;
		};
		C879DFDD29E85BAA00B2CE81 /* Release */ = {
			isa = XCBuildConfiguration;
			buildSettings = {
				CLANG_ENABLE_MODULES = YES;
				CODE_SIGN_STYLE = Automatic;
				CURRENT_PROJECT_VERSION = 1;
				DEFINES_MODULE = YES;
				DYLIB_COMPATIBILITY_VERSION = 1;
				DYLIB_CURRENT_VERSION = 1;
				DYLIB_INSTALL_NAME_BASE = "@rpath";
				GENERATE_INFOPLIST_FILE = YES;
				INFOPLIST_KEY_NSHumanReadableCopyright = "";
				INSTALL_PATH = "$(LOCAL_LIBRARY_DIR)/Frameworks";
				IPHONEOS_DEPLOYMENT_TARGET = 16.1;
				LD_RUNPATH_SEARCH_PATHS = (
					"@executable_path/Frameworks",
					"@loader_path/Frameworks",
				);
				"LD_RUNPATH_SEARCH_PATHS[sdk=macosx*]" = (
					"@executable_path/../Frameworks",
					"@loader_path/Frameworks",
				);
				MACOSX_DEPLOYMENT_TARGET = 12.6;
				MARKETING_VERSION = 1.0;
				PRODUCT_BUNDLE_IDENTIFIER = com.test.MultithreadingPrimitives;
				PRODUCT_NAME = "$(TARGET_NAME:c99extidentifier)";
				SDKROOT = auto;
				SKIP_INSTALL = YES;
				SUPPORTED_PLATFORMS = "iphoneos iphonesimulator macosx";
				SWIFT_EMIT_LOC_STRINGS = YES;
				SWIFT_VERSION = 5.0;
				TARGETED_DEVICE_FAMILY = "1,2";
			};
			name = Release;
		};
		C879DFDF29E85BAA00B2CE81 /* Debug */ = {
			isa = XCBuildConfiguration;
			buildSettings = {
				ALWAYS_EMBED_SWIFT_STANDARD_LIBRARIES = YES;
				CODE_SIGN_STYLE = Automatic;
				CURRENT_PROJECT_VERSION = 1;
				GENERATE_INFOPLIST_FILE = YES;
				IPHONEOS_DEPLOYMENT_TARGET = 16.1;
				MACOSX_DEPLOYMENT_TARGET = 12.6;
				MARKETING_VERSION = 1.0;
				PRODUCT_BUNDLE_IDENTIFIER = com.test.MultithreadingPrimitivesTests;
				PRODUCT_NAME = "$(TARGET_NAME)";
				SDKROOT = auto;
				SUPPORTED_PLATFORMS = "iphoneos iphonesimulator macosx";
				SWIFT_EMIT_LOC_STRINGS = NO;
				SWIFT_VERSION = 5.0;
				TARGETED_DEVICE_FAMILY = "1,2";
			};
			name = Debug;
		};
		C879DFE029E85BAA00B2CE81 /* Release */ = {
			isa = XCBuildConfiguration;
			buildSettings = {
				ALWAYS_EMBED_SWIFT_STANDARD_LIBRARIES = YES;
				CODE_SIGN_STYLE = Automatic;
				CURRENT_PROJECT_VERSION = 1;
				GENERATE_INFOPLIST_FILE = YES;
				IPHONEOS_DEPLOYMENT_TARGET = 16.1;
				MACOSX_DEPLOYMENT_TARGET = 12.6;
				MARKETING_VERSION = 1.0;
				PRODUCT_BUNDLE_IDENTIFIER = com.test.MultithreadingPrimitivesTests;
				PRODUCT_NAME = "$(TARGET_NAME)";
				SDKROOT = auto;
				SUPPORTED_PLATFORMS = "iphoneos iphonesimulator macosx";
				SWIFT_EMIT_LOC_STRINGS = NO;
				SWIFT_VERSION = 5.0;
				TARGETED_DEVICE_FAMILY = "1,2";
			};
			name = Release;
		};
/* End XCBuildConfiguration section */

/* Begin XCConfigurationList section */
		C879DFC329E85BAA00B2CE81 /* Build configuration list for PBXProject "MultithreadingPrimitives" */ = {
			isa = XCConfigurationList;
			buildConfigurations = (
				C879DFD929E85BAA00B2CE81 /* Debug */,
				C879DFDA29E85BAA00B2CE81 /* Release */,
			);
			defaultConfigurationIsVisible = 0;
			defaultConfigurationName = Release;
		};
		C879DFDB29E85BAA00B2CE81 /* Build configuration list for PBXNativeTarget "MultithreadingPrimitives" */ = {
			isa = XCConfigurationList;
			buildConfigurations = (
				C879DFDC29E85BAA00B2CE81 /* Debug */,
				C879DFDD29E85BAA00B2CE81 /* Release */,
			);
			defaultConfigurationIsVisible = 0;
			defaultConfigurationName = Release;
		};
		C879DFDE29E85BAA00B2CE81 /* Build configuration list for PBXNativeTarget "MultithreadingPrimitivesTests" */ = {
			isa = XCConfigurationList;
			buildConfigurations = (
				C879DFDF29E85BAA00B2CE81 /* Debug */,
				C879DFE029E85BAA00B2CE81 /* Release */,
			);
			defaultConfigurationIsVisible = 0;
			defaultConfigurationName = Release;
		};
/* End XCConfigurationList section */
	};
	rootObject = C879DFC029E85BAA00B2CE81 /* Project object */;
}
